
Microsoft Visual Studio Solution File, Format Version 12.00
# Visual Studio Version 17
VisualStudioVersion = 17.9.34728.123
MinimumVisualStudioVersion = 10.0.40219.1
Project("{FAE04EC0-301F-11D3-BF4B-00C04F79EFBC}") = "LINQ-Practice4", "LINQ-Practice4\LINQ-Practice4.csproj", "{FCA7F0CF-2DED-4604-AF2B-BC0B1AADDF0A}"
EndProject
Global
	GlobalSection(SolutionConfigurationPlatforms) = preSolution
		Debug|Any CPU = Debug|Any CPU
		Release|Any CPU = Release|Any CPU
	EndGlobalSection
	GlobalSection(ProjectConfigurationPlatforms) = postSolution
		{FCA7F0CF-2DED-4604-AF2B-BC0B1AADDF0A}.Debug|Any CPU.ActiveCfg = Debug|Any CPU
		{FCA7F0CF-2DED-4604-AF2B-BC0B1AADDF0A}.Debug|Any CPU.Build.0 = Debug|Any CPU
		{FCA7F0CF-2DED-4604-AF2B-BC0B1AADDF0A}.Release|Any CPU.ActiveCfg = Release|Any CPU
		{FCA7F0CF-2DED-4604-AF2B-BC0B1AADDF0A}.Release|Any CPU.Build.0 = Release|Any CPU
	EndGlobalSection
	GlobalSection(SolutionProperties) = preSolution
		HideSolutionNode = FALSE
	EndGlobalSection
	GlobalSection(ExtensibilityGlobals) = postSolution
		SolutionGuid = {164EE4F4-222E-42BC-8ED3-7FB8B0203DA6}
	EndGlobalSection
EndGlobal
